
Microsoft Visual Studio Solution File, Format Version 12.00
# Visual Studio Version 17
VisualStudioVersion = 17.0.31903.59
MinimumVisualStudioVersion = 10.0.40219.1
Project("{FAE04EC0-301F-11D3-BF4B-00C04F79EFBC}") = "MainProgram", "MainProgram\MainProgram.csproj", "{562C9957-8904-4ADB-BA12-223058B6C74A}"
EndProject
Project("{2150E333-8FDC-42A3-9474-1A3956D46DE8}") = "Libs", "Libs", "{DFC8D9FB-712E-4005-A212-FF06B10799E4}"
EndProject
Project("{FAE04EC0-301F-11D3-BF4B-00C04F79EFBC}") = "InputLibrary", "Libs\InputLibrary\InputLibrary.csproj", "{AB3BA4F0-3154-436D-9F84-51F39DC33664}"
EndProject
Project("{FAE04EC0-301F-11D3-BF4B-00C04F79EFBC}") = "OrganizationsLibrary", "Libs\OrganizationsLibrary\OrganizationsLibrary.csproj", "{6A287E36-BC06-4712-8837-7921838E36A4}"
EndProject
Global
	GlobalSection(SolutionConfigurationPlatforms) = preSolution
		Debug|Any CPU = Debug|Any CPU
		Release|Any CPU = Release|Any CPU
	EndGlobalSection
	GlobalSection(SolutionProperties) = preSolution
		HideSolutionNode = FALSE
	EndGlobalSection
	GlobalSection(ProjectConfigurationPlatforms) = postSolution
		{562C9957-8904-4ADB-BA12-223058B6C74A}.Debug|Any CPU.ActiveCfg = Debug|Any CPU
		{562C9957-8904-4ADB-BA12-223058B6C74A}.Debug|Any CPU.Build.0 = Debug|Any CPU
		{562C9957-8904-4ADB-BA12-223058B6C74A}.Release|Any CPU.ActiveCfg = Release|Any CPU
		{562C9957-8904-4ADB-BA12-223058B6C74A}.Release|Any CPU.Build.0 = Release|Any CPU
		{AB3BA4F0-3154-436D-9F84-51F39DC33664}.Debug|Any CPU.ActiveCfg = Debug|Any CPU
		{AB3BA4F0-3154-436D-9F84-51F39DC33664}.Debug|Any CPU.Build.0 = Debug|Any CPU
		{AB3BA4F0-3154-436D-9F84-51F39DC33664}.Release|Any CPU.ActiveCfg = Release|Any CPU
		{AB3BA4F0-3154-436D-9F84-51F39DC33664}.Release|Any CPU.Build.0 = Release|Any CPU
		{6A287E36-BC06-4712-8837-7921838E36A4}.Debug|Any CPU.ActiveCfg = Debug|Any CPU
		{6A287E36-BC06-4712-8837-7921838E36A4}.Debug|Any CPU.Build.0 = Debug|Any CPU
		{6A287E36-BC06-4712-8837-7921838E36A4}.Release|Any CPU.ActiveCfg = Release|Any CPU
		{6A287E36-BC06-4712-8837-7921838E36A4}.Release|Any CPU.Build.0 = Release|Any CPU
	EndGlobalSection
	GlobalSection(NestedProjects) = preSolution
		{AB3BA4F0-3154-436D-9F84-51F39DC33664} = {DFC8D9FB-712E-4005-A212-FF06B10799E4}
		{6A287E36-BC06-4712-8837-7921838E36A4} = {DFC8D9FB-712E-4005-A212-FF06B10799E4}
	EndGlobalSection
EndGlobal
