
Microsoft Visual Studio Solution File, Format Version 12.00
# Visual Studio Version 17
VisualStudioVersion = 17.0.31903.59
MinimumVisualStudioVersion = 10.0.40219.1
Project("{FAE04EC0-301F-11D3-BF4B-00C04F79EFBC}") = "Task1", "Task1\Task1.csproj", "{502C49D3-7BC0-46BC-BA0C-3A5B406F79F5}"
EndProject
Project("{FAE04EC0-301F-11D3-BF4B-00C04F79EFBC}") = "Task2", "Task2\Task2.csproj", "{5C6C4EBA-A176-424F-B632-4DB66BAD6C5C}"
EndProject
Project("{FAE04EC0-301F-11D3-BF4B-00C04F79EFBC}") = "Lab11_libs", "Lab11_libs\Lab11_libs.csproj", "{A7E8CDB6-1990-4CDF-81B5-52A02B08381D}"
EndProject
Project("{FAE04EC0-301F-11D3-BF4B-00C04F79EFBC}") = "Task3", "Task3\Task3.csproj", "{8A1972E9-442D-4576-92A8-D90BF3CB03B0}"
EndProject
Global
	GlobalSection(SolutionConfigurationPlatforms) = preSolution
		Debug|Any CPU = Debug|Any CPU
		Release|Any CPU = Release|Any CPU
	EndGlobalSection
	GlobalSection(SolutionProperties) = preSolution
		HideSolutionNode = FALSE
	EndGlobalSection
	GlobalSection(ProjectConfigurationPlatforms) = postSolution
		{562C9957-8904-4ADB-BA12-223058B6C74A}.Debug|Any CPU.ActiveCfg = Debug|Any CPU
		{562C9957-8904-4ADB-BA12-223058B6C74A}.Debug|Any CPU.Build.0 = Debug|Any CPU
		{562C9957-8904-4ADB-BA12-223058B6C74A}.Release|Any CPU.ActiveCfg = Release|Any CPU
		{562C9957-8904-4ADB-BA12-223058B6C74A}.Release|Any CPU.Build.0 = Release|Any CPU
		{502C49D3-7BC0-46BC-BA0C-3A5B406F79F5}.Debug|Any CPU.ActiveCfg = Debug|Any CPU
		{502C49D3-7BC0-46BC-BA0C-3A5B406F79F5}.Debug|Any CPU.Build.0 = Debug|Any CPU
		{502C49D3-7BC0-46BC-BA0C-3A5B406F79F5}.Release|Any CPU.ActiveCfg = Release|Any CPU
		{502C49D3-7BC0-46BC-BA0C-3A5B406F79F5}.Release|Any CPU.Build.0 = Release|Any CPU
		{5C6C4EBA-A176-424F-B632-4DB66BAD6C5C}.Debug|Any CPU.ActiveCfg = Debug|Any CPU
		{5C6C4EBA-A176-424F-B632-4DB66BAD6C5C}.Debug|Any CPU.Build.0 = Debug|Any CPU
		{5C6C4EBA-A176-424F-B632-4DB66BAD6C5C}.Release|Any CPU.ActiveCfg = Release|Any CPU
		{5C6C4EBA-A176-424F-B632-4DB66BAD6C5C}.Release|Any CPU.Build.0 = Release|Any CPU
		{A7E8CDB6-1990-4CDF-81B5-52A02B08381D}.Debug|Any CPU.ActiveCfg = Debug|Any CPU
		{A7E8CDB6-1990-4CDF-81B5-52A02B08381D}.Debug|Any CPU.Build.0 = Debug|Any CPU
		{A7E8CDB6-1990-4CDF-81B5-52A02B08381D}.Release|Any CPU.ActiveCfg = Release|Any CPU
		{A7E8CDB6-1990-4CDF-81B5-52A02B08381D}.Release|Any CPU.Build.0 = Release|Any CPU
		{8A1972E9-442D-4576-92A8-D90BF3CB03B0}.Debug|Any CPU.ActiveCfg = Debug|Any CPU
		{8A1972E9-442D-4576-92A8-D90BF3CB03B0}.Debug|Any CPU.Build.0 = Debug|Any CPU
		{8A1972E9-442D-4576-92A8-D90BF3CB03B0}.Release|Any CPU.ActiveCfg = Release|Any CPU
		{8A1972E9-442D-4576-92A8-D90BF3CB03B0}.Release|Any CPU.Build.0 = Release|Any CPU
	EndGlobalSection
EndGlobal
